
Microsoft Visual Studio Solution File, Format Version 12.00
# Visual Studio Version 17
VisualStudioVersion = 17.12.35527.113 d17.12
MinimumVisualStudioVersion = 10.0.40219.1
Project("{FAE04EC0-301F-11D3-BF4B-00C04F79EFBC}") = "TriangleCalculator", "TriangleCalculator\TriangleCalculator.csproj", "{76A4F4D3-047C-4B0F-99A5-CA9F4B1EB2F8}"
EndProject
Project("{FAE04EC0-301F-11D3-BF4B-00C04F79EFBC}") = "TriangleCalculatorTests", "TriangleCalculatorTests\TriangleCalculatorTests.csproj", "{C90E9A7B-52D4-46BD-9879-E3B0891CA01C}"
EndProject
Global
	GlobalSection(SolutionConfigurationPlatforms) = preSolution
		Debug|Any CPU = Debug|Any CPU
		Release|Any CPU = Release|Any CPU
	EndGlobalSection
	GlobalSection(ProjectConfigurationPlatforms) = postSolution
		{76A4F4D3-047C-4B0F-99A5-CA9F4B1EB2F8}.Debug|Any CPU.ActiveCfg = Debug|Any CPU
		{76A4F4D3-047C-4B0F-99A5-CA9F4B1EB2F8}.Debug|Any CPU.Build.0 = Debug|Any CPU
		{76A4F4D3-047C-4B0F-99A5-CA9F4B1EB2F8}.Release|Any CPU.ActiveCfg = Release|Any CPU
		{76A4F4D3-047C-4B0F-99A5-CA9F4B1EB2F8}.Release|Any CPU.Build.0 = Release|Any CPU
		{C90E9A7B-52D4-46BD-9879-E3B0891CA01C}.Debug|Any CPU.ActiveCfg = Debug|Any CPU
		{C90E9A7B-52D4-46BD-9879-E3B0891CA01C}.Debug|Any CPU.Build.0 = Debug|Any CPU
		{C90E9A7B-52D4-46BD-9879-E3B0891CA01C}.Release|Any CPU.ActiveCfg = Release|Any CPU
		{C90E9A7B-52D4-46BD-9879-E3B0891CA01C}.Release|Any CPU.Build.0 = Release|Any CPU
	EndGlobalSection
	GlobalSection(SolutionProperties) = preSolution
		HideSolutionNode = FALSE
	EndGlobalSection
EndGlobal
